// !$*UTF8*$!
{
	archiveVersion = 1;
	classes = {
	};
	objectVersion = 56;
	objects = {

/* Begin PBXBuildFile section */
		A40A96E52AB09AE200FD7E1F /* AppDelegate.swift in Sources */ = {isa = PBXBuildFile; fileRef = A40A96E42AB09AE200FD7E1F /* AppDelegate.swift */; };
		A40A96E72AB09AE200FD7E1F /* SceneDelegate.swift in Sources */ = {isa = PBXBuildFile; fileRef = A40A96E62AB09AE200FD7E1F /* SceneDelegate.swift */; };
		A40A96E92AB09AE200FD7E1F /* ViewController.swift in Sources */ = {isa = PBXBuildFile; fileRef = A40A96E82AB09AE200FD7E1F /* ViewController.swift */; };
		A40A96EC2AB09AE200FD7E1F /* Main.storyboard in Resources */ = {isa = PBXBuildFile; fileRef = A40A96EA2AB09AE200FD7E1F /* Main.storyboard */; };
		A40A96EE2AB09AE400FD7E1F /* Assets.xcassets in Resources */ = {isa = PBXBuildFile; fileRef = A40A96ED2AB09AE400FD7E1F /* Assets.xcassets */; };
		A40A96F12AB09AE400FD7E1F /* LaunchScreen.storyboard in Resources */ = {isa = PBXBuildFile; fileRef = A40A96EF2AB09AE400FD7E1F /* LaunchScreen.storyboard */; };
		A40A96FC2AB09AE500FD7E1F /* Breadfast_SocialTests.swift in Sources */ = {isa = PBXBuildFile; fileRef = A40A96FB2AB09AE500FD7E1F /* Breadfast_SocialTests.swift */; };
		A40A97062AB09AE500FD7E1F /* Breadfast_SocialUITests.swift in Sources */ = {isa = PBXBuildFile; fileRef = A40A97052AB09AE500FD7E1F /* Breadfast_SocialUITests.swift */; };
		A40A97082AB09AE500FD7E1F /* Breadfast_SocialUITestsLaunchTests.swift in Sources */ = {isa = PBXBuildFile; fileRef = A40A97072AB09AE500FD7E1F /* Breadfast_SocialUITestsLaunchTests.swift */; };
/* End PBXBuildFile section */

/* Begin PBXContainerItemProxy section */
		A40A96F82AB09AE500FD7E1F /* PBXContainerItemProxy */ = {
			isa = PBXContainerItemProxy;
			containerPortal = A40A96D92AB09AE200FD7E1F /* Project object */;
			proxyType = 1;
			remoteGlobalIDString = A40A96E02AB09AE200FD7E1F;
			remoteInfo = "Breadfast Social";
		};
		A40A97022AB09AE500FD7E1F /* PBXContainerItemProxy */ = {
			isa = PBXContainerItemProxy;
			containerPortal = A40A96D92AB09AE200FD7E1F /* Project object */;
			proxyType = 1;
			remoteGlobalIDString = A40A96E02AB09AE200FD7E1F;
			remoteInfo = "Breadfast Social";
		};
/* End PBXContainerItemProxy section */

/* Begin PBXFileReference section */
		A40A96E12AB09AE200FD7E1F /* Breadfast Social.app */ = {isa = PBXFileReference; explicitFileType = wrapper.application; includeInIndex = 0; path = "Breadfast Social.app"; sourceTree = BUILT_PRODUCTS_DIR; };
		A40A96E42AB09AE200FD7E1F /* AppDelegate.swift */ = {isa = PBXFileReference; lastKnownFileType = sourcecode.swift; path = AppDelegate.swift; sourceTree = "<group>"; };
		A40A96E62AB09AE200FD7E1F /* SceneDelegate.swift */ = {isa = PBXFileReference; lastKnownFileType = sourcecode.swift; path = SceneDelegate.swift; sourceTree = "<group>"; };
		A40A96E82AB09AE200FD7E1F /* ViewController.swift */ = {isa = PBXFileReference; lastKnownFileType = sourcecode.swift; path = ViewController.swift; sourceTree = "<group>"; };
		A40A96EB2AB09AE200FD7E1F /* Base */ = {isa = PBXFileReference; lastKnownFileType = file.storyboard; name = Base; path = Base.lproj/Main.storyboard; sourceTree = "<group>"; };
		A40A96ED2AB09AE400FD7E1F /* Assets.xcassets */ = {isa = PBXFileReference; lastKnownFileType = folder.assetcatalog; path = Assets.xcassets; sourceTree = "<group>"; };
		A40A96F02AB09AE400FD7E1F /* Base */ = {isa = PBXFileReference; lastKnownFileType = file.storyboard; name = Base; path = Base.lproj/LaunchScreen.storyboard; sourceTree = "<group>"; };
		A40A96F22AB09AE400FD7E1F /* Info.plist */ = {isa = PBXFileReference; lastKnownFileType = text.plist.xml; path = Info.plist; sourceTree = "<group>"; };
		A40A96F72AB09AE500FD7E1F /* Breadfast SocialTests.xctest */ = {isa = PBXFileReference; explicitFileType = wrapper.cfbundle; includeInIndex = 0; path = "Breadfast SocialTests.xctest"; sourceTree = BUILT_PRODUCTS_DIR; };
		A40A96FB2AB09AE500FD7E1F /* Breadfast_SocialTests.swift */ = {isa = PBXFileReference; lastKnownFileType = sourcecode.swift; path = Breadfast_SocialTests.swift; sourceTree = "<group>"; };
		A40A97012AB09AE500FD7E1F /* Breadfast SocialUITests.xctest */ = {isa = PBXFileReference; explicitFileType = wrapper.cfbundle; includeInIndex = 0; path = "Breadfast SocialUITests.xctest"; sourceTree = BUILT_PRODUCTS_DIR; };
		A40A97052AB09AE500FD7E1F /* Breadfast_SocialUITests.swift */ = {isa = PBXFileReference; lastKnownFileType = sourcecode.swift; path = Breadfast_SocialUITests.swift; sourceTree = "<group>"; };
		A40A97072AB09AE500FD7E1F /* Breadfast_SocialUITestsLaunchTests.swift */ = {isa = PBXFileReference; lastKnownFileType = sourcecode.swift; path = Breadfast_SocialUITestsLaunchTests.swift; sourceTree = "<group>"; };
/* End PBXFileReference section */

/* Begin PBXFrameworksBuildPhase section */
		A40A96DE2AB09AE200FD7E1F /* Frameworks */ = {
			isa = PBXFrameworksBuildPhase;
			buildActionMask = 2147483647;
			files = (
			);
			runOnlyForDeploymentPostprocessing = 0;
		};
		A40A96F42AB09AE500FD7E1F /* Frameworks */ = {
			isa = PBXFrameworksBuildPhase;
			buildActionMask = 2147483647;
			files = (
			);
			runOnlyForDeploymentPostprocessing = 0;
		};
		A40A96FE2AB09AE500FD7E1F /* Frameworks */ = {
			isa = PBXFrameworksBuildPhase;
			buildActionMask = 2147483647;
			files = (
			);
			runOnlyForDeploymentPostprocessing = 0;
		};
/* End PBXFrameworksBuildPhase section */

/* Begin PBXGroup section */
		A40A96D82AB09AE200FD7E1F = {
			isa = PBXGroup;
			children = (
				A40A96E32AB09AE200FD7E1F /* Breadfast Social */,
				A40A96FA2AB09AE500FD7E1F /* Breadfast SocialTests */,
				A40A97042AB09AE500FD7E1F /* Breadfast SocialUITests */,
				A40A96E22AB09AE200FD7E1F /* Products */,
			);
			sourceTree = "<group>";
		};
		A40A96E22AB09AE200FD7E1F /* Products */ = {
			isa = PBXGroup;
			children = (
				A40A96E12AB09AE200FD7E1F /* Breadfast Social.app */,
				A40A96F72AB09AE500FD7E1F /* Breadfast SocialTests.xctest */,
				A40A97012AB09AE500FD7E1F /* Breadfast SocialUITests.xctest */,
			);
			name = Products;
			sourceTree = "<group>";
		};
		A40A96E32AB09AE200FD7E1F /* Breadfast Social */ = {
			isa = PBXGroup;
			children = (
				A40A96E42AB09AE200FD7E1F /* AppDelegate.swift */,
				A40A96E62AB09AE200FD7E1F /* SceneDelegate.swift */,
				A40A96E82AB09AE200FD7E1F /* ViewController.swift */,
				A40A96EA2AB09AE200FD7E1F /* Main.storyboard */,
				A40A96ED2AB09AE400FD7E1F /* Assets.xcassets */,
				A40A96EF2AB09AE400FD7E1F /* LaunchScreen.storyboard */,
				A40A96F22AB09AE400FD7E1F /* Info.plist */,
			);
			path = "Breadfast Social";
			sourceTree = "<group>";
		};
		A40A96FA2AB09AE500FD7E1F /* Breadfast SocialTests */ = {
			isa = PBXGroup;
			children = (
				A40A96FB2AB09AE500FD7E1F /* Breadfast_SocialTests.swift */,
			);
			path = "Breadfast SocialTests";
			sourceTree = "<group>";
		};
		A40A97042AB09AE500FD7E1F /* Breadfast SocialUITests */ = {
			isa = PBXGroup;
			children = (
				A40A97052AB09AE500FD7E1F /* Breadfast_SocialUITests.swift */,
				A40A97072AB09AE500FD7E1F /* Breadfast_SocialUITestsLaunchTests.swift */,
			);
			path = "Breadfast SocialUITests";
			sourceTree = "<group>";
		};
/* End PBXGroup section */

/* Begin PBXNativeTarget section */
		A40A96E02AB09AE200FD7E1F /* Breadfast Social */ = {
			isa = PBXNativeTarget;
			buildConfigurationList = A40A970B2AB09AE500FD7E1F /* Build configuration list for PBXNativeTarget "Breadfast Social" */;
			buildPhases = (
				A40A96DD2AB09AE200FD7E1F /* Sources */,
				A40A96DE2AB09AE200FD7E1F /* Frameworks */,
				A40A96DF2AB09AE200FD7E1F /* Resources */,
			);
			buildRules = (
			);
			dependencies = (
			);
			name = "Breadfast Social";
			productName = "Breadfast Social";
			productReference = A40A96E12AB09AE200FD7E1F /* Breadfast Social.app */;
			productType = "com.apple.product-type.application";
		};
		A40A96F62AB09AE500FD7E1F /* Breadfast SocialTests */ = {
			isa = PBXNativeTarget;
			buildConfigurationList = A40A970E2AB09AE500FD7E1F /* Build configuration list for PBXNativeTarget "Breadfast SocialTests" */;
			buildPhases = (
				A40A96F32AB09AE500FD7E1F /* Sources */,
				A40A96F42AB09AE500FD7E1F /* Frameworks */,
				A40A96F52AB09AE500FD7E1F /* Resources */,
			);
			buildRules = (
			);
			dependencies = (
				A40A96F92AB09AE500FD7E1F /* PBXTargetDependency */,
			);
			name = "Breadfast SocialTests";
			productName = "Breadfast SocialTests";
			productReference = A40A96F72AB09AE500FD7E1F /* Breadfast SocialTests.xctest */;
			productType = "com.apple.product-type.bundle.unit-test";
		};
		A40A97002AB09AE500FD7E1F /* Breadfast SocialUITests */ = {
			isa = PBXNativeTarget;
			buildConfigurationList = A40A97112AB09AE500FD7E1F /* Build configuration list for PBXNativeTarget "Breadfast SocialUITests" */;
			buildPhases = (
				A40A96FD2AB09AE500FD7E1F /* Sources */,
				A40A96FE2AB09AE500FD7E1F /* Frameworks */,
				A40A96FF2AB09AE500FD7E1F /* Resources */,
			);
			buildRules = (
			);
			dependencies = (
				A40A97032AB09AE500FD7E1F /* PBXTargetDependency */,
			);
			name = "Breadfast SocialUITests";
			productName = "Breadfast SocialUITests";
			productReference = A40A97012AB09AE500FD7E1F /* Breadfast SocialUITests.xctest */;
			productType = "com.apple.product-type.bundle.ui-testing";
		};
/* End PBXNativeTarget section */

/* Begin PBXProject section */
		A40A96D92AB09AE200FD7E1F /* Project object */ = {
			isa = PBXProject;
			attributes = {
				BuildIndependentTargetsInParallel = 1;
				LastSwiftUpdateCheck = 1430;
				LastUpgradeCheck = 1430;
				TargetAttributes = {
					A40A96E02AB09AE200FD7E1F = {
						CreatedOnToolsVersion = 14.3.1;
					};
					A40A96F62AB09AE500FD7E1F = {
						CreatedOnToolsVersion = 14.3.1;
						TestTargetID = A40A96E02AB09AE200FD7E1F;
					};
					A40A97002AB09AE500FD7E1F = {
						CreatedOnToolsVersion = 14.3.1;
						TestTargetID = A40A96E02AB09AE200FD7E1F;
					};
				};
			};
			buildConfigurationList = A40A96DC2AB09AE200FD7E1F /* Build configuration list for PBXProject "Breadfast Social" */;
			compatibilityVersion = "Xcode 14.0";
			developmentRegion = en;
			hasScannedForEncodings = 0;
			knownRegions = (
				en,
				Base,
			);
			mainGroup = A40A96D82AB09AE200FD7E1F;
			productRefGroup = A40A96E22AB09AE200FD7E1F /* Products */;
			projectDirPath = "";
			projectRoot = "";
			targets = (
				A40A96E02AB09AE200FD7E1F /* Breadfast Social */,
				A40A96F62AB09AE500FD7E1F /* Breadfast SocialTests */,
				A40A97002AB09AE500FD7E1F /* Breadfast SocialUITests */,
			);
		};
/* End PBXProject section */

/* Begin PBXResourcesBuildPhase section */
		A40A96DF2AB09AE200FD7E1F /* Resources */ = {
			isa = PBXResourcesBuildPhase;
			buildActionMask = 2147483647;
			files = (
				A40A96F12AB09AE400FD7E1F /* LaunchScreen.storyboard in Resources */,
				A40A96EE2AB09AE400FD7E1F /* Assets.xcassets in Resources */,
				A40A96EC2AB09AE200FD7E1F /* Main.storyboard in Resources */,
			);
			runOnlyForDeploymentPostprocessing = 0;
		};
		A40A96F52AB09AE500FD7E1F /* Resources */ = {
			isa = PBXResourcesBuildPhase;
			buildActionMask = 2147483647;
			files = (
			);
			runOnlyForDeploymentPostprocessing = 0;
		};
		A40A96FF2AB09AE500FD7E1F /* Resources */ = {
			isa = PBXResourcesBuildPhase;
			buildActionMask = 2147483647;
			files = (
			);
			runOnlyForDeploymentPostprocessing = 0;
		};
/* End PBXResourcesBuildPhase section */

/* Begin PBXSourcesBuildPhase section */
		A40A96DD2AB09AE200FD7E1F /* Sources */ = {
			isa = PBXSourcesBuildPhase;
			buildActionMask = 2147483647;
			files = (
				A40A96E92AB09AE200FD7E1F /* ViewController.swift in Sources */,
				A40A96E52AB09AE200FD7E1F /* AppDelegate.swift in Sources */,
				A40A96E72AB09AE200FD7E1F /* SceneDelegate.swift in Sources */,
			);
			runOnlyForDeploymentPostprocessing = 0;
		};
		A40A96F32AB09AE500FD7E1F /* Sources */ = {
			isa = PBXSourcesBuildPhase;
			buildActionMask = 2147483647;
			files = (
				A40A96FC2AB09AE500FD7E1F /* Breadfast_SocialTests.swift in Sources */,
			);
			runOnlyForDeploymentPostprocessing = 0;
		};
		A40A96FD2AB09AE500FD7E1F /* Sources */ = {
			isa = PBXSourcesBuildPhase;
			buildActionMask = 2147483647;
			files = (
				A40A97082AB09AE500FD7E1F /* Breadfast_SocialUITestsLaunchTests.swift in Sources */,
				A40A97062AB09AE500FD7E1F /* Breadfast_SocialUITests.swift in Sources */,
			);
			runOnlyForDeploymentPostprocessing = 0;
		};
/* End PBXSourcesBuildPhase section */

/* Begin PBXTargetDependency section */
		A40A96F92AB09AE500FD7E1F /* PBXTargetDependency */ = {
			isa = PBXTargetDependency;
			target = A40A96E02AB09AE200FD7E1F /* Breadfast Social */;
			targetProxy = A40A96F82AB09AE500FD7E1F /* PBXContainerItemProxy */;
		};
		A40A97032AB09AE500FD7E1F /* PBXTargetDependency */ = {
			isa = PBXTargetDependency;
			target = A40A96E02AB09AE200FD7E1F /* Breadfast Social */;
			targetProxy = A40A97022AB09AE500FD7E1F /* PBXContainerItemProxy */;
		};
/* End PBXTargetDependency section */

/* Begin PBXVariantGroup section */
		A40A96EA2AB09AE200FD7E1F /* Main.storyboard */ = {
			isa = PBXVariantGroup;
			children = (
				A40A96EB2AB09AE200FD7E1F /* Base */,
			);
			name = Main.storyboard;
			sourceTree = "<group>";
		};
		A40A96EF2AB09AE400FD7E1F /* LaunchScreen.storyboard */ = {
			isa = PBXVariantGroup;
			children = (
				A40A96F02AB09AE400FD7E1F /* Base */,
			);
			name = LaunchScreen.storyboard;
			sourceTree = "<group>";
		};
/* End PBXVariantGroup section */

/* Begin XCBuildConfiguration section */
		A40A97092AB09AE500FD7E1F /* Debug */ = {
			isa = XCBuildConfiguration;
			buildSettings = {
				ALWAYS_SEARCH_USER_PATHS = NO;
				CLANG_ANALYZER_NONNULL = YES;
				CLANG_ANALYZER_NUMBER_OBJECT_CONVERSION = YES_AGGRESSIVE;
				CLANG_CXX_LANGUAGE_STANDARD = "gnu++20";
				CLANG_ENABLE_MODULES = YES;
				CLANG_ENABLE_OBJC_ARC = YES;
				CLANG_ENABLE_OBJC_WEAK = YES;
				CLANG_WARN_BLOCK_CAPTURE_AUTORELEASING = YES;
				CLANG_WARN_BOOL_CONVERSION = YES;
				CLANG_WARN_COMMA = YES;
				CLANG_WARN_CONSTANT_CONVERSION = YES;
				CLANG_WARN_DEPRECATED_OBJC_IMPLEMENTATIONS = YES;
				CLANG_WARN_DIRECT_OBJC_ISA_USAGE = YES_ERROR;
				CLANG_WARN_DOCUMENTATION_COMMENTS = YES;
				CLANG_WARN_EMPTY_BODY = YES;
				CLANG_WARN_ENUM_CONVERSION = YES;
				CLANG_WARN_INFINITE_RECURSION = YES;
				CLANG_WARN_INT_CONVERSION = YES;
				CLANG_WARN_NON_LITERAL_NULL_CONVERSION = YES;
				CLANG_WARN_OBJC_IMPLICIT_RETAIN_SELF = YES;
				CLANG_WARN_OBJC_LITERAL_CONVERSION = YES;
				CLANG_WARN_OBJC_ROOT_CLASS = YES_ERROR;
				CLANG_WARN_QUOTED_INCLUDE_IN_FRAMEWORK_HEADER = YES;
				CLANG_WARN_RANGE_LOOP_ANALYSIS = YES;
				CLANG_WARN_STRICT_PROTOTYPES = YES;
				CLANG_WARN_SUSPICIOUS_MOVE = YES;
				CLANG_WARN_UNGUARDED_AVAILABILITY = YES_AGGRESSIVE;
				CLANG_WARN_UNREACHABLE_CODE = YES;
				CLANG_WARN__DUPLICATE_METHOD_MATCH = YES;
				COPY_PHASE_STRIP = NO;
				DEBUG_INFORMATION_FORMAT = dwarf;
				ENABLE_STRICT_OBJC_MSGSEND = YES;
				ENABLE_TESTABILITY = YES;
				GCC_C_LANGUAGE_STANDARD = gnu11;
				GCC_DYNAMIC_NO_PIC = NO;
				GCC_NO_COMMON_BLOCKS = YES;
				GCC_OPTIMIZATION_LEVEL = 0;
				GCC_PREPROCESSOR_DEFINITIONS = (
					"DEBUG=1",
					"$(inherited)",
				);
				GCC_WARN_64_TO_32_BIT_CONVERSION = YES;
				GCC_WARN_ABOUT_RETURN_TYPE = YES_ERROR;
				GCC_WARN_UNDECLARED_SELECTOR = YES;
				GCC_WARN_UNINITIALIZED_AUTOS = YES_AGGRESSIVE;
				GCC_WARN_UNUSED_FUNCTION = YES;
				GCC_WARN_UNUSED_VARIABLE = YES;
				IPHONEOS_DEPLOYMENT_TARGET = 16.4;
				MTL_ENABLE_DEBUG_INFO = INCLUDE_SOURCE;
				MTL_FAST_MATH = YES;
				ONLY_ACTIVE_ARCH = YES;
				SDKROOT = iphoneos;
				SWIFT_ACTIVE_COMPILATION_CONDITIONS = DEBUG;
				SWIFT_OPTIMIZATION_LEVEL = "-Onone";
			};
			name = Debug;
		};
		A40A970A2AB09AE500FD7E1F /* Release */ = {
			isa = XCBuildConfiguration;
			buildSettings = {
				ALWAYS_SEARCH_USER_PATHS = NO;
				CLANG_ANALYZER_NONNULL = YES;
				CLANG_ANALYZER_NUMBER_OBJECT_CONVERSION = YES_AGGRESSIVE;
				CLANG_CXX_LANGUAGE_STANDARD = "gnu++20";
				CLANG_ENABLE_MODULES = YES;
				CLANG_ENABLE_OBJC_ARC = YES;
				CLANG_ENABLE_OBJC_WEAK = YES;
				CLANG_WARN_BLOCK_CAPTURE_AUTORELEASING = YES;
				CLANG_WARN_BOOL_CONVERSION = YES;
				CLANG_WARN_COMMA = YES;
				CLANG_WARN_CONSTANT_CONVERSION = YES;
				CLANG_WARN_DEPRECATED_OBJC_IMPLEMENTATIONS = YES;
				CLANG_WARN_DIRECT_OBJC_ISA_USAGE = YES_ERROR;
				CLANG_WARN_DOCUMENTATION_COMMENTS = YES;
				CLANG_WARN_EMPTY_BODY = YES;
				CLANG_WARN_ENUM_CONVERSION = YES;
				CLANG_WARN_INFINITE_RECURSION = YES;
				CLANG_WARN_INT_CONVERSION = YES;
				CLANG_WARN_NON_LITERAL_NULL_CONVERSION = YES;
				CLANG_WARN_OBJC_IMPLICIT_RETAIN_SELF = YES;
				CLANG_WARN_OBJC_LITERAL_CONVERSION = YES;
				CLANG_WARN_OBJC_ROOT_CLASS = YES_ERROR;
				CLANG_WARN_QUOTED_INCLUDE_IN_FRAMEWORK_HEADER = YES;
				CLANG_WARN_RANGE_LOOP_ANALYSIS = YES;
				CLANG_WARN_STRICT_PROTOTYPES = YES;
				CLANG_WARN_SUSPICIOUS_MOVE = YES;
				CLANG_WARN_UNGUARDED_AVAILABILITY = YES_AGGRESSIVE;
				CLANG_WARN_UNREACHABLE_CODE = YES;
				CLANG_WARN__DUPLICATE_METHOD_MATCH = YES;
				COPY_PHASE_STRIP = NO;
				DEBUG_INFORMATION_FORMAT = "dwarf-with-dsym";
				ENABLE_NS_ASSERTIONS = NO;
				ENABLE_STRICT_OBJC_MSGSEND = YES;
				GCC_C_LANGUAGE_STANDARD = gnu11;
				GCC_NO_COMMON_BLOCKS = YES;
				GCC_WARN_64_TO_32_BIT_CONVERSION = YES;
				GCC_WARN_ABOUT_RETURN_TYPE = YES_ERROR;
				GCC_WARN_UNDECLARED_SELECTOR = YES;
				GCC_WARN_UNINITIALIZED_AUTOS = YES_AGGRESSIVE;
				GCC_WARN_UNUSED_FUNCTION = YES;
				GCC_WARN_UNUSED_VARIABLE = YES;
				IPHONEOS_DEPLOYMENT_TARGET = 16.4;
				MTL_ENABLE_DEBUG_INFO = NO;
				MTL_FAST_MATH = YES;
				SDKROOT = iphoneos;
				SWIFT_COMPILATION_MODE = wholemodule;
				SWIFT_OPTIMIZATION_LEVEL = "-O";
				VALIDATE_PRODUCT = YES;
			};
			name = Release;
		};
		A40A970C2AB09AE500FD7E1F /* Debug */ = {
			isa = XCBuildConfiguration;
			buildSettings = {
				ASSETCATALOG_COMPILER_APPICON_NAME = AppIcon;
				ASSETCATALOG_COMPILER_GLOBAL_ACCENT_COLOR_NAME = AccentColor;
				CODE_SIGN_STYLE = Automatic;
				CURRENT_PROJECT_VERSION = 1;
				DEVELOPMENT_TEAM = Y7QVJK56J6;
				GENERATE_INFOPLIST_FILE = YES;
				INFOPLIST_FILE = "Breadfast Social/Info.plist";
				INFOPLIST_KEY_UIApplicationSupportsIndirectInputEvents = YES;
				INFOPLIST_KEY_UILaunchStoryboardName = LaunchScreen;
				INFOPLIST_KEY_UIMainStoryboardFile = Main;
				INFOPLIST_KEY_UISupportedInterfaceOrientations_iPad = "UIInterfaceOrientationPortrait UIInterfaceOrientationPortraitUpsideDown UIInterfaceOrientationLandscapeLeft UIInterfaceOrientationLandscapeRight";
				INFOPLIST_KEY_UISupportedInterfaceOrientations_iPhone = "UIInterfaceOrientationPortrait UIInterfaceOrientationLandscapeLeft UIInterfaceOrientationLandscapeRight";
				LD_RUNPATH_SEARCH_PATHS = (
					"$(inherited)",
					"@executable_path/Frameworks",
				);
				MARKETING_VERSION = 1.0;
				PRODUCT_BUNDLE_IDENTIFIER = "Breadfast.Breadfast-Social";
				PRODUCT_NAME = "$(TARGET_NAME)";
				SWIFT_EMIT_LOC_STRINGS = YES;
				SWIFT_VERSION = 5.0;
				TARGETED_DEVICE_FAMILY = "1,2";
			};
			name = Debug;
		};
		A40A970D2AB09AE500FD7E1F /* Release */ = {
			isa = XCBuildConfiguration;
			buildSettings = {
				ASSETCATALOG_COMPILER_APPICON_NAME = AppIcon;
				ASSETCATALOG_COMPILER_GLOBAL_ACCENT_COLOR_NAME = AccentColor;
				CODE_SIGN_STYLE = Automatic;
				CURRENT_PROJECT_VERSION = 1;
				DEVELOPMENT_TEAM = Y7QVJK56J6;
				GENERATE_INFOPLIST_FILE = YES;
				INFOPLIST_FILE = "Breadfast Social/Info.plist";
				INFOPLIST_KEY_UIApplicationSupportsIndirectInputEvents = YES;
				INFOPLIST_KEY_UILaunchStoryboardName = LaunchScreen;
				INFOPLIST_KEY_UIMainStoryboardFile = Main;
				INFOPLIST_KEY_UISupportedInterfaceOrientations_iPad = "UIInterfaceOrientationPortrait UIInterfaceOrientationPortraitUpsideDown UIInterfaceOrientationLandscapeLeft UIInterfaceOrientationLandscapeRight";
				INFOPLIST_KEY_UISupportedInterfaceOrientations_iPhone = "UIInterfaceOrientationPortrait UIInterfaceOrientationLandscapeLeft UIInterfaceOrientationLandscapeRight";
				LD_RUNPATH_SEARCH_PATHS = (
					"$(inherited)",
					"@executable_path/Frameworks",
				);
				MARKETING_VERSION = 1.0;
				PRODUCT_BUNDLE_IDENTIFIER = "Breadfast.Breadfast-Social";
				PRODUCT_NAME = "$(TARGET_NAME)";
				SWIFT_EMIT_LOC_STRINGS = YES;
				SWIFT_VERSION = 5.0;
				TARGETED_DEVICE_FAMILY = "1,2";
			};
			name = Release;
		};
		A40A970F2AB09AE500FD7E1F /* Debug */ = {
			isa = XCBuildConfiguration;
			buildSettings = {
				ALWAYS_EMBED_SWIFT_STANDARD_LIBRARIES = YES;
				BUNDLE_LOADER = "$(TEST_HOST)";
				CODE_SIGN_STYLE = Automatic;
				CURRENT_PROJECT_VERSION = 1;
				DEVELOPMENT_TEAM = Y7QVJK56J6;
				GENERATE_INFOPLIST_FILE = YES;
				IPHONEOS_DEPLOYMENT_TARGET = 16.4;
				MARKETING_VERSION = 1.0;
				PRODUCT_BUNDLE_IDENTIFIER = "Breadfast.Breadfast-SocialTests";
				PRODUCT_NAME = "$(TARGET_NAME)";
				SWIFT_EMIT_LOC_STRINGS = NO;
				SWIFT_VERSION = 5.0;
				TARGETED_DEVICE_FAMILY = "1,2";
				TEST_HOST = "$(BUILT_PRODUCTS_DIR)/Breadfast Social.app/$(BUNDLE_EXECUTABLE_FOLDER_PATH)/Breadfast Social";
			};
			name = Debug;
		};
		A40A97102AB09AE500FD7E1F /* Release */ = {
			isa = XCBuildConfiguration;
			buildSettings = {
				ALWAYS_EMBED_SWIFT_STANDARD_LIBRARIES = YES;
				BUNDLE_LOADER = "$(TEST_HOST)";
				CODE_SIGN_STYLE = Automatic;
				CURRENT_PROJECT_VERSION = 1;
				DEVELOPMENT_TEAM = Y7QVJK56J6;
				GENERATE_INFOPLIST_FILE = YES;
				IPHONEOS_DEPLOYMENT_TARGET = 16.4;
				MARKETING_VERSION = 1.0;
				PRODUCT_BUNDLE_IDENTIFIER = "Breadfast.Breadfast-SocialTests";
				PRODUCT_NAME = "$(TARGET_NAME)";
				SWIFT_EMIT_LOC_STRINGS = NO;
				SWIFT_VERSION = 5.0;
				TARGETED_DEVICE_FAMILY = "1,2";
				TEST_HOST = "$(BUILT_PRODUCTS_DIR)/Breadfast Social.app/$(BUNDLE_EXECUTABLE_FOLDER_PATH)/Breadfast Social";
			};
			name = Release;
		};
		A40A97122AB09AE500FD7E1F /* Debug */ = {
			isa = XCBuildConfiguration;
			buildSettings = {
				ALWAYS_EMBED_SWIFT_STANDARD_LIBRARIES = YES;
				CODE_SIGN_STYLE = Automatic;
				CURRENT_PROJECT_VERSION = 1;
				DEVELOPMENT_TEAM = Y7QVJK56J6;
				GENERATE_INFOPLIST_FILE = YES;
				MARKETING_VERSION = 1.0;
				PRODUCT_BUNDLE_IDENTIFIER = "Breadfast.Breadfast-SocialUITests";
				PRODUCT_NAME = "$(TARGET_NAME)";
				SWIFT_EMIT_LOC_STRINGS = NO;
				SWIFT_VERSION = 5.0;
				TARGETED_DEVICE_FAMILY = "1,2";
				TEST_TARGET_NAME = "Breadfast Social";
			};
			name = Debug;
		};
		A40A97132AB09AE500FD7E1F /* Release */ = {
			isa = XCBuildConfiguration;
			buildSettings = {
				ALWAYS_EMBED_SWIFT_STANDARD_LIBRARIES = YES;
				CODE_SIGN_STYLE = Automatic;
				CURRENT_PROJECT_VERSION = 1;
				DEVELOPMENT_TEAM = Y7QVJK56J6;
				GENERATE_INFOPLIST_FILE = YES;
				MARKETING_VERSION = 1.0;
				PRODUCT_BUNDLE_IDENTIFIER = "Breadfast.Breadfast-SocialUITests";
				PRODUCT_NAME = "$(TARGET_NAME)";
				SWIFT_EMIT_LOC_STRINGS = NO;
				SWIFT_VERSION = 5.0;
				TARGETED_DEVICE_FAMILY = "1,2";
				TEST_TARGET_NAME = "Breadfast Social";
			};
			name = Release;
		};
/* End XCBuildConfiguration section */

/* Begin XCConfigurationList section */
		A40A96DC2AB09AE200FD7E1F /* Build configuration list for PBXProject "Breadfast Social" */ = {
			isa = XCConfigurationList;
			buildConfigurations = (
				A40A97092AB09AE500FD7E1F /* Debug */,
				A40A970A2AB09AE500FD7E1F /* Release */,
			);
			defaultConfigurationIsVisible = 0;
			defaultConfigurationName = Release;
		};
		A40A970B2AB09AE500FD7E1F /* Build configuration list for PBXNativeTarget "Breadfast Social" */ = {
			isa = XCConfigurationList;
			buildConfigurations = (
				A40A970C2AB09AE500FD7E1F /* Debug */,
				A40A970D2AB09AE500FD7E1F /* Release */,
			);
			defaultConfigurationIsVisible = 0;
			defaultConfigurationName = Release;
		};
		A40A970E2AB09AE500FD7E1F /* Build configuration list for PBXNativeTarget "Breadfast SocialTests" */ = {
			isa = XCConfigurationList;
			buildConfigurations = (
				A40A970F2AB09AE500FD7E1F /* Debug */,
				A40A97102AB09AE500FD7E1F /* Release */,
			);
			defaultConfigurationIsVisible = 0;
			defaultConfigurationName = Release;
		};
		A40A97112AB09AE500FD7E1F /* Build configuration list for PBXNativeTarget "Breadfast SocialUITests" */ = {
			isa = XCConfigurationList;
			buildConfigurations = (
				A40A97122AB09AE500FD7E1F /* Debug */,
				A40A97132AB09AE500FD7E1F /* Release */,
			);
			defaultConfigurationIsVisible = 0;
			defaultConfigurationName = Release;
		};
/* End XCConfigurationList section */
	};
	rootObject = A40A96D92AB09AE200FD7E1F /* Project object */;
}
